
Microsoft Visual Studio Solution File, Format Version 12.00
# Visual Studio Version 16
VisualStudioVersion = 16.0.29926.136
MinimumVisualStudioVersion = 10.0.40219.1
Project("{FAE04EC0-301F-11D3-BF4B-00C04F79EFBC}") = "Geometric_Figures", "Geometric_Figures\Geometric_Figures.csproj", "{05AF73EB-02ED-486E-8323-1DB0B4B82B0E}"
EndProject
Global
	GlobalSection(SolutionConfigurationPlatforms) = preSolution
		Debug|Any CPU = Debug|Any CPU
		Release|Any CPU = Release|Any CPU
	EndGlobalSection
	GlobalSection(ProjectConfigurationPlatforms) = postSolution
		{05AF73EB-02ED-486E-8323-1DB0B4B82B0E}.Debug|Any CPU.ActiveCfg = Debug|Any CPU
		{05AF73EB-02ED-486E-8323-1DB0B4B82B0E}.Debug|Any CPU.Build.0 = Debug|Any CPU
		{05AF73EB-02ED-486E-8323-1DB0B4B82B0E}.Release|Any CPU.ActiveCfg = Release|Any CPU
		{05AF73EB-02ED-486E-8323-1DB0B4B82B0E}.Release|Any CPU.Build.0 = Release|Any CPU
	EndGlobalSection
	GlobalSection(SolutionProperties) = preSolution
		HideSolutionNode = FALSE
	EndGlobalSection
	GlobalSection(ExtensibilityGlobals) = postSolution
		SolutionGuid = {5C804CFD-AE04-4050-A3FA-E720160DCBC1}
	EndGlobalSection
EndGlobal
